// !$*UTF8*$!
{
	archiveVersion = 1;
	classes = {
	};
	objectVersion = 51;
	objects = {

/* Begin PBXBuildFile section */
		11ED63DC989050F515BCBC0C /* Pods_Movien_MovienUITests.framework in Frameworks */ = {isa = PBXBuildFile; fileRef = CB0E68D16AF51FFE9FDE96A7 /* Pods_Movien_MovienUITests.framework */; };
		15892169239024CF00B623DF /* Constants.swift in Sources */ = {isa = PBXBuildFile; fileRef = 15892168239024CF00B623DF /* Constants.swift */; };
		1591B38E23943D5E00DBF15F /* MovieFull.swift in Sources */ = {isa = PBXBuildFile; fileRef = 1591B38D23943D5E00DBF15F /* MovieFull.swift */; };
		1591B392239505B000DBF15F /* MovieDeatilViewController.swift in Sources */ = {isa = PBXBuildFile; fileRef = 1591B391239505B000DBF15F /* MovieDeatilViewController.swift */; };
		1591B394239506E400DBF15F /* ColorUtil.swift in Sources */ = {isa = PBXBuildFile; fileRef = 1591B393239506E400DBF15F /* ColorUtil.swift */; };
		15BC9A04238AD8A900AE2247 /* AppDelegate.swift in Sources */ = {isa = PBXBuildFile; fileRef = 15BC9A03238AD8A900AE2247 /* AppDelegate.swift */; };
		15BC9A06238AD8A900AE2247 /* SceneDelegate.swift in Sources */ = {isa = PBXBuildFile; fileRef = 15BC9A05238AD8A900AE2247 /* SceneDelegate.swift */; };
		15BC9A0B238AD8A900AE2247 /* Main.storyboard in Resources */ = {isa = PBXBuildFile; fileRef = 15BC9A09238AD8A900AE2247 /* Main.storyboard */; };
		15BC9A0D238AD8AA00AE2247 /* Assets.xcassets in Resources */ = {isa = PBXBuildFile; fileRef = 15BC9A0C238AD8AA00AE2247 /* Assets.xcassets */; };
		15BC9A10238AD8AA00AE2247 /* LaunchScreen.storyboard in Resources */ = {isa = PBXBuildFile; fileRef = 15BC9A0E238AD8AA00AE2247 /* LaunchScreen.storyboard */; };
		15BC9A1B238AD8AA00AE2247 /* MovienTests.swift in Sources */ = {isa = PBXBuildFile; fileRef = 15BC9A1A238AD8AA00AE2247 /* MovienTests.swift */; };
		15BC9A26238AD8AA00AE2247 /* MovienUITests.swift in Sources */ = {isa = PBXBuildFile; fileRef = 15BC9A25238AD8AA00AE2247 /* MovienUITests.swift */; };
		B391CE7C173B88025B635DB4 /* Pods_MovienTests.framework in Frameworks */ = {isa = PBXBuildFile; fileRef = B9E8545D54C99C3FF842FAB5 /* Pods_MovienTests.framework */; };
		F857F0AD047BB715B533D672 /* Pods_Movien.framework in Frameworks */ = {isa = PBXBuildFile; fileRef = 5C149ACE106E73FEC835A46D /* Pods_Movien.framework */; };
/* End PBXBuildFile section */

/* Begin PBXContainerItemProxy section */
		15BC9A17238AD8AA00AE2247 /* PBXContainerItemProxy */ = {
			isa = PBXContainerItemProxy;
			containerPortal = 15BC99F8238AD8A900AE2247 /* Project object */;
			proxyType = 1;
			remoteGlobalIDString = 15BC99FF238AD8A900AE2247;
			remoteInfo = Movien;
		};
		15BC9A22238AD8AA00AE2247 /* PBXContainerItemProxy */ = {
			isa = PBXContainerItemProxy;
			containerPortal = 15BC99F8238AD8A900AE2247 /* Project object */;
			proxyType = 1;
			remoteGlobalIDString = 15BC99FF238AD8A900AE2247;
			remoteInfo = Movien;
		};
/* End PBXContainerItemProxy section */

/* Begin PBXFileReference section */
		15892168239024CF00B623DF /* Constants.swift */ = {isa = PBXFileReference; lastKnownFileType = sourcecode.swift; path = Constants.swift; sourceTree = "<group>"; };
		1591B38D23943D5E00DBF15F /* MovieFull.swift */ = {isa = PBXFileReference; lastKnownFileType = sourcecode.swift; path = MovieFull.swift; sourceTree = "<group>"; };
		1591B391239505B000DBF15F /* MovieDeatilViewController.swift */ = {isa = PBXFileReference; lastKnownFileType = sourcecode.swift; path = MovieDeatilViewController.swift; sourceTree = "<group>"; };
		1591B393239506E400DBF15F /* ColorUtil.swift */ = {isa = PBXFileReference; lastKnownFileType = sourcecode.swift; path = ColorUtil.swift; sourceTree = "<group>"; };
		15BC9A00238AD8A900AE2247 /* Movien.app */ = {isa = PBXFileReference; explicitFileType = wrapper.application; includeInIndex = 0; path = Movien.app; sourceTree = BUILT_PRODUCTS_DIR; };
		15BC9A03238AD8A900AE2247 /* AppDelegate.swift */ = {isa = PBXFileReference; lastKnownFileType = sourcecode.swift; path = AppDelegate.swift; sourceTree = "<group>"; };
		15BC9A05238AD8A900AE2247 /* SceneDelegate.swift */ = {isa = PBXFileReference; lastKnownFileType = sourcecode.swift; path = SceneDelegate.swift; sourceTree = "<group>"; };
		15BC9A0A238AD8A900AE2247 /* Base */ = {isa = PBXFileReference; lastKnownFileType = file.storyboard; name = Base; path = Base.lproj/Main.storyboard; sourceTree = "<group>"; };
		15BC9A0C238AD8AA00AE2247 /* Assets.xcassets */ = {isa = PBXFileReference; lastKnownFileType = folder.assetcatalog; path = Assets.xcassets; sourceTree = "<group>"; };
		15BC9A0F238AD8AA00AE2247 /* Base */ = {isa = PBXFileReference; lastKnownFileType = file.storyboard; name = Base; path = Base.lproj/LaunchScreen.storyboard; sourceTree = "<group>"; };
		15BC9A11238AD8AA00AE2247 /* Info.plist */ = {isa = PBXFileReference; lastKnownFileType = text.plist.xml; path = Info.plist; sourceTree = "<group>"; };
		15BC9A16238AD8AA00AE2247 /* MovienTests.xctest */ = {isa = PBXFileReference; explicitFileType = wrapper.cfbundle; includeInIndex = 0; path = MovienTests.xctest; sourceTree = BUILT_PRODUCTS_DIR; };
		15BC9A1A238AD8AA00AE2247 /* MovienTests.swift */ = {isa = PBXFileReference; lastKnownFileType = sourcecode.swift; path = MovienTests.swift; sourceTree = "<group>"; };
		15BC9A1C238AD8AA00AE2247 /* Info.plist */ = {isa = PBXFileReference; lastKnownFileType = text.plist.xml; path = Info.plist; sourceTree = "<group>"; };
		15BC9A21238AD8AA00AE2247 /* MovienUITests.xctest */ = {isa = PBXFileReference; explicitFileType = wrapper.cfbundle; includeInIndex = 0; path = MovienUITests.xctest; sourceTree = BUILT_PRODUCTS_DIR; };
		15BC9A25238AD8AA00AE2247 /* MovienUITests.swift */ = {isa = PBXFileReference; lastKnownFileType = sourcecode.swift; path = MovienUITests.swift; sourceTree = "<group>"; };
		15BC9A27238AD8AA00AE2247 /* Info.plist */ = {isa = PBXFileReference; lastKnownFileType = text.plist.xml; path = Info.plist; sourceTree = "<group>"; };
		51A436091B892195E3D9A7E0 /* Pods-MovienTests.debug.xcconfig */ = {isa = PBXFileReference; includeInIndex = 1; lastKnownFileType = text.xcconfig; name = "Pods-MovienTests.debug.xcconfig"; path = "Target Support Files/Pods-MovienTests/Pods-MovienTests.debug.xcconfig"; sourceTree = "<group>"; };
		5C149ACE106E73FEC835A46D /* Pods_Movien.framework */ = {isa = PBXFileReference; explicitFileType = wrapper.framework; includeInIndex = 0; path = Pods_Movien.framework; sourceTree = BUILT_PRODUCTS_DIR; };
		92347F2751F6DA5934ABA7E8 /* Pods-Movien-MovienUITests.debug.xcconfig */ = {isa = PBXFileReference; includeInIndex = 1; lastKnownFileType = text.xcconfig; name = "Pods-Movien-MovienUITests.debug.xcconfig"; path = "Target Support Files/Pods-Movien-MovienUITests/Pods-Movien-MovienUITests.debug.xcconfig"; sourceTree = "<group>"; };
		934F7E65A49AE31A294E426B /* Pods-Movien.debug.xcconfig */ = {isa = PBXFileReference; includeInIndex = 1; lastKnownFileType = text.xcconfig; name = "Pods-Movien.debug.xcconfig"; path = "Target Support Files/Pods-Movien/Pods-Movien.debug.xcconfig"; sourceTree = "<group>"; };
		B9E8545D54C99C3FF842FAB5 /* Pods_MovienTests.framework */ = {isa = PBXFileReference; explicitFileType = wrapper.framework; includeInIndex = 0; path = Pods_MovienTests.framework; sourceTree = BUILT_PRODUCTS_DIR; };
		C70985E7CF83D632872AA58E /* Pods-Movien-MovienUITests.release.xcconfig */ = {isa = PBXFileReference; includeInIndex = 1; lastKnownFileType = text.xcconfig; name = "Pods-Movien-MovienUITests.release.xcconfig"; path = "Target Support Files/Pods-Movien-MovienUITests/Pods-Movien-MovienUITests.release.xcconfig"; sourceTree = "<group>"; };
		CB0E68D16AF51FFE9FDE96A7 /* Pods_Movien_MovienUITests.framework */ = {isa = PBXFileReference; explicitFileType = wrapper.framework; includeInIndex = 0; path = Pods_Movien_MovienUITests.framework; sourceTree = BUILT_PRODUCTS_DIR; };
		F4D383CE4DEED9F0648AC176 /* Pods-MovienTests.release.xcconfig */ = {isa = PBXFileReference; includeInIndex = 1; lastKnownFileType = text.xcconfig; name = "Pods-MovienTests.release.xcconfig"; path = "Target Support Files/Pods-MovienTests/Pods-MovienTests.release.xcconfig"; sourceTree = "<group>"; };
		FF401B517F3E2D556CB77653 /* Pods-Movien.release.xcconfig */ = {isa = PBXFileReference; includeInIndex = 1; lastKnownFileType = text.xcconfig; name = "Pods-Movien.release.xcconfig"; path = "Target Support Files/Pods-Movien/Pods-Movien.release.xcconfig"; sourceTree = "<group>"; };
/* End PBXFileReference section */

/* Begin PBXFrameworksBuildPhase section */
		15BC99FD238AD8A900AE2247 /* Frameworks */ = {
			isa = PBXFrameworksBuildPhase;
			buildActionMask = 2147483647;
			files = (
				F857F0AD047BB715B533D672 /* Pods_Movien.framework in Frameworks */,
			);
			runOnlyForDeploymentPostprocessing = 0;
		};
		15BC9A13238AD8AA00AE2247 /* Frameworks */ = {
			isa = PBXFrameworksBuildPhase;
			buildActionMask = 2147483647;
			files = (
				B391CE7C173B88025B635DB4 /* Pods_MovienTests.framework in Frameworks */,
			);
			runOnlyForDeploymentPostprocessing = 0;
		};
		15BC9A1E238AD8AA00AE2247 /* Frameworks */ = {
			isa = PBXFrameworksBuildPhase;
			buildActionMask = 2147483647;
			files = (
				11ED63DC989050F515BCBC0C /* Pods_Movien_MovienUITests.framework in Frameworks */,
			);
			runOnlyForDeploymentPostprocessing = 0;
		};
/* End PBXFrameworksBuildPhase section */

/* Begin PBXGroup section */
		0A158F798A5B83865295DE85 /* Pods */ = {
			isa = PBXGroup;
			children = (
				934F7E65A49AE31A294E426B /* Pods-Movien.debug.xcconfig */,
				FF401B517F3E2D556CB77653 /* Pods-Movien.release.xcconfig */,
				92347F2751F6DA5934ABA7E8 /* Pods-Movien-MovienUITests.debug.xcconfig */,
				C70985E7CF83D632872AA58E /* Pods-Movien-MovienUITests.release.xcconfig */,
				51A436091B892195E3D9A7E0 /* Pods-MovienTests.debug.xcconfig */,
				F4D383CE4DEED9F0648AC176 /* Pods-MovienTests.release.xcconfig */,
			);
			path = Pods;
			sourceTree = "<group>";
		};
		15BC99F7238AD8A900AE2247 = {
			isa = PBXGroup;
			children = (
				15BC9A02238AD8A900AE2247 /* Movien */,
				15BC9A19238AD8AA00AE2247 /* MovienTests */,
				15BC9A24238AD8AA00AE2247 /* MovienUITests */,
				15BC9A01238AD8A900AE2247 /* Products */,
				0A158F798A5B83865295DE85 /* Pods */,
				733DC8F45D659CB7361F02D8 /* Frameworks */,
			);
			sourceTree = "<group>";
		};
		15BC9A01238AD8A900AE2247 /* Products */ = {
			isa = PBXGroup;
			children = (
				15BC9A00238AD8A900AE2247 /* Movien.app */,
				15BC9A16238AD8AA00AE2247 /* MovienTests.xctest */,
				15BC9A21238AD8AA00AE2247 /* MovienUITests.xctest */,
			);
			name = Products;
			sourceTree = "<group>";
		};
		15BC9A02238AD8A900AE2247 /* Movien */ = {
			isa = PBXGroup;
			children = (
				15BC9A03238AD8A900AE2247 /* AppDelegate.swift */,
				15BC9A05238AD8A900AE2247 /* SceneDelegate.swift */,
				15BC9A09238AD8A900AE2247 /* Main.storyboard */,
				15BC9A0C238AD8AA00AE2247 /* Assets.xcassets */,
				15BC9A0E238AD8AA00AE2247 /* LaunchScreen.storyboard */,
				15BC9A11238AD8AA00AE2247 /* Info.plist */,
				15892168239024CF00B623DF /* Constants.swift */,
				1591B38D23943D5E00DBF15F /* MovieFull.swift */,
				1591B391239505B000DBF15F /* MovieDeatilViewController.swift */,
				1591B393239506E400DBF15F /* ColorUtil.swift */,
			);
			path = Movien;
			sourceTree = "<group>";
		};
		15BC9A19238AD8AA00AE2247 /* MovienTests */ = {
			isa = PBXGroup;
			children = (
				15BC9A1A238AD8AA00AE2247 /* MovienTests.swift */,
				15BC9A1C238AD8AA00AE2247 /* Info.plist */,
			);
			path = MovienTests;
			sourceTree = "<group>";
		};
		15BC9A24238AD8AA00AE2247 /* MovienUITests */ = {
			isa = PBXGroup;
			children = (
				15BC9A25238AD8AA00AE2247 /* MovienUITests.swift */,
				15BC9A27238AD8AA00AE2247 /* Info.plist */,
			);
			path = MovienUITests;
			sourceTree = "<group>";
		};
		733DC8F45D659CB7361F02D8 /* Frameworks */ = {
			isa = PBXGroup;
			children = (
				5C149ACE106E73FEC835A46D /* Pods_Movien.framework */,
				CB0E68D16AF51FFE9FDE96A7 /* Pods_Movien_MovienUITests.framework */,
				B9E8545D54C99C3FF842FAB5 /* Pods_MovienTests.framework */,
			);
			name = Frameworks;
			sourceTree = "<group>";
		};
/* End PBXGroup section */

/* Begin PBXNativeTarget section */
		15BC99FF238AD8A900AE2247 /* Movien */ = {
			isa = PBXNativeTarget;
			buildConfigurationList = 15BC9A2A238AD8AA00AE2247 /* Build configuration list for PBXNativeTarget "Movien" */;
			buildPhases = (
				ACACE566AAE1566134F42B73 /* [CP] Check Pods Manifest.lock */,
				15BC99FC238AD8A900AE2247 /* Sources */,
				15BC99FD238AD8A900AE2247 /* Frameworks */,
				15BC99FE238AD8A900AE2247 /* Resources */,
				24D509F83F9C19B1072B92F1 /* [CP] Embed Pods Frameworks */,
			);
			buildRules = (
			);
			dependencies = (
			);
			name = Movien;
			productName = Movien;
			productReference = 15BC9A00238AD8A900AE2247 /* Movien.app */;
			productType = "com.apple.product-type.application";
		};
		15BC9A15238AD8AA00AE2247 /* MovienTests */ = {
			isa = PBXNativeTarget;
			buildConfigurationList = 15BC9A2D238AD8AA00AE2247 /* Build configuration list for PBXNativeTarget "MovienTests" */;
			buildPhases = (
				2DE91E630A8906B2A6806E88 /* [CP] Check Pods Manifest.lock */,
				15BC9A12238AD8AA00AE2247 /* Sources */,
				15BC9A13238AD8AA00AE2247 /* Frameworks */,
				15BC9A14238AD8AA00AE2247 /* Resources */,
			);
			buildRules = (
			);
			dependencies = (
				15BC9A18238AD8AA00AE2247 /* PBXTargetDependency */,
			);
			name = MovienTests;
			productName = MovienTests;
			productReference = 15BC9A16238AD8AA00AE2247 /* MovienTests.xctest */;
			productType = "com.apple.product-type.bundle.unit-test";
		};
		15BC9A20238AD8AA00AE2247 /* MovienUITests */ = {
			isa = PBXNativeTarget;
			buildConfigurationList = 15BC9A30238AD8AA00AE2247 /* Build configuration list for PBXNativeTarget "MovienUITests" */;
			buildPhases = (
				E8EA4A716BF669553A4BA001 /* [CP] Check Pods Manifest.lock */,
				15BC9A1D238AD8AA00AE2247 /* Sources */,
				15BC9A1E238AD8AA00AE2247 /* Frameworks */,
				15BC9A1F238AD8AA00AE2247 /* Resources */,
				F65E30440BCB569F0EE14EB7 /* [CP] Embed Pods Frameworks */,
			);
			buildRules = (
			);
			dependencies = (
				15BC9A23238AD8AA00AE2247 /* PBXTargetDependency */,
			);
			name = MovienUITests;
			productName = MovienUITests;
			productReference = 15BC9A21238AD8AA00AE2247 /* MovienUITests.xctest */;
			productType = "com.apple.product-type.bundle.ui-testing";
		};
/* End PBXNativeTarget section */

/* Begin PBXProject section */
		15BC99F8238AD8A900AE2247 /* Project object */ = {
			isa = PBXProject;
			attributes = {
				LastSwiftUpdateCheck = 1120;
				LastUpgradeCheck = 1120;
				ORGANIZATIONNAME = Daniyar;
				TargetAttributes = {
					15BC99FF238AD8A900AE2247 = {
						CreatedOnToolsVersion = 11.2.1;
					};
					15BC9A15238AD8AA00AE2247 = {
						CreatedOnToolsVersion = 11.2.1;
						TestTargetID = 15BC99FF238AD8A900AE2247;
					};
					15BC9A20238AD8AA00AE2247 = {
						CreatedOnToolsVersion = 11.2.1;
						TestTargetID = 15BC99FF238AD8A900AE2247;
					};
				};
			};
			buildConfigurationList = 15BC99FB238AD8A900AE2247 /* Build configuration list for PBXProject "Movien" */;
			compatibilityVersion = "Xcode 9.3";
			developmentRegion = en;
			hasScannedForEncodings = 0;
			knownRegions = (
				en,
				Base,
			);
			mainGroup = 15BC99F7238AD8A900AE2247;
			productRefGroup = 15BC9A01238AD8A900AE2247 /* Products */;
			projectDirPath = "";
			projectRoot = "";
			targets = (
				15BC99FF238AD8A900AE2247 /* Movien */,
				15BC9A15238AD8AA00AE2247 /* MovienTests */,
				15BC9A20238AD8AA00AE2247 /* MovienUITests */,
			);
		};
/* End PBXProject section */

/* Begin PBXResourcesBuildPhase section */
		15BC99FE238AD8A900AE2247 /* Resources */ = {
			isa = PBXResourcesBuildPhase;
			buildActionMask = 2147483647;
			files = (
				15BC9A10238AD8AA00AE2247 /* LaunchScreen.storyboard in Resources */,
				15BC9A0D238AD8AA00AE2247 /* Assets.xcassets in Resources */,
				15BC9A0B238AD8A900AE2247 /* Main.storyboard in Resources */,
			);
			runOnlyForDeploymentPostprocessing = 0;
		};
		15BC9A14238AD8AA00AE2247 /* Resources */ = {
			isa = PBXResourcesBuildPhase;
			buildActionMask = 2147483647;
			files = (
			);
			runOnlyForDeploymentPostprocessing = 0;
		};
		15BC9A1F238AD8AA00AE2247 /* Resources */ = {
			isa = PBXResourcesBuildPhase;
			buildActionMask = 2147483647;
			files = (
			);
			runOnlyForDeploymentPostprocessing = 0;
		};
/* End PBXResourcesBuildPhase section */

/* Begin PBXShellScriptBuildPhase section */
		24D509F83F9C19B1072B92F1 /* [CP] Embed Pods Frameworks */ = {
			isa = PBXShellScriptBuildPhase;
			buildActionMask = 2147483647;
			files = (
			);
			inputFileListPaths = (
				"${PODS_ROOT}/Target Support Files/Pods-Movien/Pods-Movien-frameworks-${CONFIGURATION}-input-files.xcfilelist",
			);
			name = "[CP] Embed Pods Frameworks";
			outputFileListPaths = (
				"${PODS_ROOT}/Target Support Files/Pods-Movien/Pods-Movien-frameworks-${CONFIGURATION}-output-files.xcfilelist",
			);
			runOnlyForDeploymentPostprocessing = 0;
			shellPath = /bin/sh;
			shellScript = "\"${PODS_ROOT}/Target Support Files/Pods-Movien/Pods-Movien-frameworks.sh\"\n";
			showEnvVarsInLog = 0;
		};
		2DE91E630A8906B2A6806E88 /* [CP] Check Pods Manifest.lock */ = {
			isa = PBXShellScriptBuildPhase;
			buildActionMask = 2147483647;
			files = (
			);
			inputFileListPaths = (
			);
			inputPaths = (
				"${PODS_PODFILE_DIR_PATH}/Podfile.lock",
				"${PODS_ROOT}/Manifest.lock",
			);
			name = "[CP] Check Pods Manifest.lock";
			outputFileListPaths = (
			);
			outputPaths = (
				"$(DERIVED_FILE_DIR)/Pods-MovienTests-checkManifestLockResult.txt",
			);
			runOnlyForDeploymentPostprocessing = 0;
			shellPath = /bin/sh;
			shellScript = "diff \"${PODS_PODFILE_DIR_PATH}/Podfile.lock\" \"${PODS_ROOT}/Manifest.lock\" > /dev/null\nif [ $? != 0 ] ; then\n    # print error to STDERR\n    echo \"error: The sandbox is not in sync with the Podfile.lock. Run 'pod install' or update your CocoaPods installation.\" >&2\n    exit 1\nfi\n# This output is used by Xcode 'outputs' to avoid re-running this script phase.\necho \"SUCCESS\" > \"${SCRIPT_OUTPUT_FILE_0}\"\n";
			showEnvVarsInLog = 0;
		};
		ACACE566AAE1566134F42B73 /* [CP] Check Pods Manifest.lock */ = {
			isa = PBXShellScriptBuildPhase;
			buildActionMask = 2147483647;
			files = (
			);
			inputFileListPaths = (
			);
			inputPaths = (
				"${PODS_PODFILE_DIR_PATH}/Podfile.lock",
				"${PODS_ROOT}/Manifest.lock",
			);
			name = "[CP] Check Pods Manifest.lock";
			outputFileListPaths = (
			);
			outputPaths = (
				"$(DERIVED_FILE_DIR)/Pods-Movien-checkManifestLockResult.txt",
			);
			runOnlyForDeploymentPostprocessing = 0;
			shellPath = /bin/sh;
			shellScript = "diff \"${PODS_PODFILE_DIR_PATH}/Podfile.lock\" \"${PODS_ROOT}/Manifest.lock\" > /dev/null\nif [ $? != 0 ] ; then\n    # print error to STDERR\n    echo \"error: The sandbox is not in sync with the Podfile.lock. Run 'pod install' or update your CocoaPods installation.\" >&2\n    exit 1\nfi\n# This output is used by Xcode 'outputs' to avoid re-running this script phase.\necho \"SUCCESS\" > \"${SCRIPT_OUTPUT_FILE_0}\"\n";
			showEnvVarsInLog = 0;
		};
		E8EA4A716BF669553A4BA001 /* [CP] Check Pods Manifest.lock */ = {
			isa = PBXShellScriptBuildPhase;
			buildActionMask = 2147483647;
			files = (
			);
			inputFileListPaths = (
			);
			inputPaths = (
				"${PODS_PODFILE_DIR_PATH}/Podfile.lock",
				"${PODS_ROOT}/Manifest.lock",
			);
			name = "[CP] Check Pods Manifest.lock";
			outputFileListPaths = (
			);
			outputPaths = (
				"$(DERIVED_FILE_DIR)/Pods-Movien-MovienUITests-checkManifestLockResult.txt",
			);
			runOnlyForDeploymentPostprocessing = 0;
			shellPath = /bin/sh;
			shellScript = "diff \"${PODS_PODFILE_DIR_PATH}/Podfile.lock\" \"${PODS_ROOT}/Manifest.lock\" > /dev/null\nif [ $? != 0 ] ; then\n    # print error to STDERR\n    echo \"error: The sandbox is not in sync with the Podfile.lock. Run 'pod install' or update your CocoaPods installation.\" >&2\n    exit 1\nfi\n# This output is used by Xcode 'outputs' to avoid re-running this script phase.\necho \"SUCCESS\" > \"${SCRIPT_OUTPUT_FILE_0}\"\n";
			showEnvVarsInLog = 0;
		};
		F65E30440BCB569F0EE14EB7 /* [CP] Embed Pods Frameworks */ = {
			isa = PBXShellScriptBuildPhase;
			buildActionMask = 2147483647;
			files = (
			);
			inputFileListPaths = (
				"${PODS_ROOT}/Target Support Files/Pods-Movien-MovienUITests/Pods-Movien-MovienUITests-frameworks-${CONFIGURATION}-input-files.xcfilelist",
			);
			name = "[CP] Embed Pods Frameworks";
			outputFileListPaths = (
				"${PODS_ROOT}/Target Support Files/Pods-Movien-MovienUITests/Pods-Movien-MovienUITests-frameworks-${CONFIGURATION}-output-files.xcfilelist",
			);
			runOnlyForDeploymentPostprocessing = 0;
			shellPath = /bin/sh;
			shellScript = "\"${PODS_ROOT}/Target Support Files/Pods-Movien-MovienUITests/Pods-Movien-MovienUITests-frameworks.sh\"\n";
			showEnvVarsInLog = 0;
		};
/* End PBXShellScriptBuildPhase section */

/* Begin PBXSourcesBuildPhase section */
		15BC99FC238AD8A900AE2247 /* Sources */ = {
			isa = PBXSourcesBuildPhase;
			buildActionMask = 2147483647;
			files = (
				15892169239024CF00B623DF /* Constants.swift in Sources */,
				15BC9A04238AD8A900AE2247 /* AppDelegate.swift in Sources */,
				15BC9A06238AD8A900AE2247 /* SceneDelegate.swift in Sources */,
				1591B392239505B000DBF15F /* MovieDeatilViewController.swift in Sources */,
				1591B394239506E400DBF15F /* ColorUtil.swift in Sources */,
				1591B38E23943D5E00DBF15F /* MovieFull.swift in Sources */,
			);
			runOnlyForDeploymentPostprocessing = 0;
		};
		15BC9A12238AD8AA00AE2247 /* Sources */ = {
			isa = PBXSourcesBuildPhase;
			buildActionMask = 2147483647;
			files = (
				15BC9A1B238AD8AA00AE2247 /* MovienTests.swift in Sources */,
			);
			runOnlyForDeploymentPostprocessing = 0;
		};
		15BC9A1D238AD8AA00AE2247 /* Sources */ = {
			isa = PBXSourcesBuildPhase;
			buildActionMask = 2147483647;
			files = (
				15BC9A26238AD8AA00AE2247 /* MovienUITests.swift in Sources */,
			);
			runOnlyForDeploymentPostprocessing = 0;
		};
/* End PBXSourcesBuildPhase section */

/* Begin PBXTargetDependency section */
		15BC9A18238AD8AA00AE2247 /* PBXTargetDependency */ = {
			isa = PBXTargetDependency;
			target = 15BC99FF238AD8A900AE2247 /* Movien */;
			targetProxy = 15BC9A17238AD8AA00AE2247 /* PBXContainerItemProxy */;
		};
		15BC9A23238AD8AA00AE2247 /* PBXTargetDependency */ = {
			isa = PBXTargetDependency;
			target = 15BC99FF238AD8A900AE2247 /* Movien */;
			targetProxy = 15BC9A22238AD8AA00AE2247 /* PBXContainerItemProxy */;
		};
/* End PBXTargetDependency section */

/* Begin PBXVariantGroup section */
		15BC9A09238AD8A900AE2247 /* Main.storyboard */ = {
			isa = PBXVariantGroup;
			children = (
				15BC9A0A238AD8A900AE2247 /* Base */,
			);
			name = Main.storyboard;
			sourceTree = "<group>";
		};
		15BC9A0E238AD8AA00AE2247 /* LaunchScreen.storyboard */ = {
			isa = PBXVariantGroup;
			children = (
				15BC9A0F238AD8AA00AE2247 /* Base */,
			);
			name = LaunchScreen.storyboard;
			sourceTree = "<group>";
		};
/* End PBXVariantGroup section */

/* Begin XCBuildConfiguration section */
		15BC9A28238AD8AA00AE2247 /* Debug */ = {
			isa = XCBuildConfiguration;
			buildSettings = {
				ALWAYS_SEARCH_USER_PATHS = NO;
				CLANG_ANALYZER_NONNULL = YES;
				CLANG_ANALYZER_NUMBER_OBJECT_CONVERSION = YES_AGGRESSIVE;
				CLANG_CXX_LANGUAGE_STANDARD = "gnu++14";
				CLANG_CXX_LIBRARY = "libc++";
				CLANG_ENABLE_MODULES = YES;
				CLANG_ENABLE_OBJC_ARC = YES;
				CLANG_ENABLE_OBJC_WEAK = YES;
				CLANG_WARN_BLOCK_CAPTURE_AUTORELEASING = YES;
				CLANG_WARN_BOOL_CONVERSION = YES;
				CLANG_WARN_COMMA = YES;
				CLANG_WARN_CONSTANT_CONVERSION = YES;
				CLANG_WARN_DEPRECATED_OBJC_IMPLEMENTATIONS = YES;
				CLANG_WARN_DIRECT_OBJC_ISA_USAGE = YES_ERROR;
				CLANG_WARN_DOCUMENTATION_COMMENTS = YES;
				CLANG_WARN_EMPTY_BODY = YES;
				CLANG_WARN_ENUM_CONVERSION = YES;
				CLANG_WARN_INFINITE_RECURSION = YES;
				CLANG_WARN_INT_CONVERSION = YES;
				CLANG_WARN_NON_LITERAL_NULL_CONVERSION = YES;
				CLANG_WARN_OBJC_IMPLICIT_RETAIN_SELF = YES;
				CLANG_WARN_OBJC_LITERAL_CONVERSION = YES;
				CLANG_WARN_OBJC_ROOT_CLASS = YES_ERROR;
				CLANG_WARN_RANGE_LOOP_ANALYSIS = YES;
				CLANG_WARN_STRICT_PROTOTYPES = YES;
				CLANG_WARN_SUSPICIOUS_MOVE = YES;
				CLANG_WARN_UNGUARDED_AVAILABILITY = YES_AGGRESSIVE;
				CLANG_WARN_UNREACHABLE_CODE = YES;
				CLANG_WARN__DUPLICATE_METHOD_MATCH = YES;
				COPY_PHASE_STRIP = NO;
				DEBUG_INFORMATION_FORMAT = dwarf;
				ENABLE_STRICT_OBJC_MSGSEND = YES;
				ENABLE_TESTABILITY = YES;
				GCC_C_LANGUAGE_STANDARD = gnu11;
				GCC_DYNAMIC_NO_PIC = NO;
				GCC_NO_COMMON_BLOCKS = YES;
				GCC_OPTIMIZATION_LEVEL = 0;
				GCC_PREPROCESSOR_DEFINITIONS = (
					"DEBUG=1",
					"$(inherited)",
				);
				GCC_WARN_64_TO_32_BIT_CONVERSION = YES;
				GCC_WARN_ABOUT_RETURN_TYPE = YES_ERROR;
				GCC_WARN_UNDECLARED_SELECTOR = YES;
				GCC_WARN_UNINITIALIZED_AUTOS = YES_AGGRESSIVE;
				GCC_WARN_UNUSED_FUNCTION = YES;
				GCC_WARN_UNUSED_VARIABLE = YES;
				IPHONEOS_DEPLOYMENT_TARGET = 13.2;
				MTL_ENABLE_DEBUG_INFO = INCLUDE_SOURCE;
				MTL_FAST_MATH = YES;
				ONLY_ACTIVE_ARCH = YES;
				SDKROOT = iphoneos;
				SWIFT_ACTIVE_COMPILATION_CONDITIONS = DEBUG;
				SWIFT_OPTIMIZATION_LEVEL = "-Onone";
			};
			name = Debug;
		};
		15BC9A29238AD8AA00AE2247 /* Release */ = {
			isa = XCBuildConfiguration;
			buildSettings = {
				ALWAYS_SEARCH_USER_PATHS = NO;
				CLANG_ANALYZER_NONNULL = YES;
				CLANG_ANALYZER_NUMBER_OBJECT_CONVERSION = YES_AGGRESSIVE;
				CLANG_CXX_LANGUAGE_STANDARD = "gnu++14";
				CLANG_CXX_LIBRARY = "libc++";
				CLANG_ENABLE_MODULES = YES;
				CLANG_ENABLE_OBJC_ARC = YES;
				CLANG_ENABLE_OBJC_WEAK = YES;
				CLANG_WARN_BLOCK_CAPTURE_AUTORELEASING = YES;
				CLANG_WARN_BOOL_CONVERSION = YES;
				CLANG_WARN_COMMA = YES;
				CLANG_WARN_CONSTANT_CONVERSION = YES;
				CLANG_WARN_DEPRECATED_OBJC_IMPLEMENTATIONS = YES;
				CLANG_WARN_DIRECT_OBJC_ISA_USAGE = YES_ERROR;
				CLANG_WARN_DOCUMENTATION_COMMENTS = YES;
				CLANG_WARN_EMPTY_BODY = YES;
				CLANG_WARN_ENUM_CONVERSION = YES;
				CLANG_WARN_INFINITE_RECURSION = YES;
				CLANG_WARN_INT_CONVERSION = YES;
				CLANG_WARN_NON_LITERAL_NULL_CONVERSION = YES;
				CLANG_WARN_OBJC_IMPLICIT_RETAIN_SELF = YES;
				CLANG_WARN_OBJC_LITERAL_CONVERSION = YES;
				CLANG_WARN_OBJC_ROOT_CLASS = YES_ERROR;
				CLANG_WARN_RANGE_LOOP_ANALYSIS = YES;
				CLANG_WARN_STRICT_PROTOTYPES = YES;
				CLANG_WARN_SUSPICIOUS_MOVE = YES;
				CLANG_WARN_UNGUARDED_AVAILABILITY = YES_AGGRESSIVE;
				CLANG_WARN_UNREACHABLE_CODE = YES;
				CLANG_WARN__DUPLICATE_METHOD_MATCH = YES;
				COPY_PHASE_STRIP = NO;
				DEBUG_INFORMATION_FORMAT = "dwarf-with-dsym";
				ENABLE_NS_ASSERTIONS = NO;
				ENABLE_STRICT_OBJC_MSGSEND = YES;
				GCC_C_LANGUAGE_STANDARD = gnu11;
				GCC_NO_COMMON_BLOCKS = YES;
				GCC_WARN_64_TO_32_BIT_CONVERSION = YES;
				GCC_WARN_ABOUT_RETURN_TYPE = YES_ERROR;
				GCC_WARN_UNDECLARED_SELECTOR = YES;
				GCC_WARN_UNINITIALIZED_AUTOS = YES_AGGRESSIVE;
				GCC_WARN_UNUSED_FUNCTION = YES;
				GCC_WARN_UNUSED_VARIABLE = YES;
				IPHONEOS_DEPLOYMENT_TARGET = 13.2;
				MTL_ENABLE_DEBUG_INFO = NO;
				MTL_FAST_MATH = YES;
				SDKROOT = iphoneos;
				SWIFT_COMPILATION_MODE = wholemodule;
				SWIFT_OPTIMIZATION_LEVEL = "-O";
				VALIDATE_PRODUCT = YES;
			};
			name = Release;
		};
		15BC9A2B238AD8AA00AE2247 /* Debug */ = {
			isa = XCBuildConfiguration;
			baseConfigurationReference = 934F7E65A49AE31A294E426B /* Pods-Movien.debug.xcconfig */;
			buildSettings = {
				ASSETCATALOG_COMPILER_APPICON_NAME = AppIcon;
				CODE_SIGN_STYLE = Automatic;
				INFOPLIST_FILE = Movien/Info.plist;
				LD_RUNPATH_SEARCH_PATHS = (
					"$(inherited)",
					"@executable_path/Frameworks",
				);
				PRODUCT_BUNDLE_IDENTIFIER = kz.porcuon.Movien;
				PRODUCT_NAME = "$(TARGET_NAME)";
				SWIFT_VERSION = 5.0;
				TARGETED_DEVICE_FAMILY = "1,2";
			};
			name = Debug;
		};
		15BC9A2C238AD8AA00AE2247 /* Release */ = {
			isa = XCBuildConfiguration;
			baseConfigurationReference = FF401B517F3E2D556CB77653 /* Pods-Movien.release.xcconfig */;
			buildSettings = {
				ASSETCATALOG_COMPILER_APPICON_NAME = AppIcon;
				CODE_SIGN_STYLE = Automatic;
				INFOPLIST_FILE = Movien/Info.plist;
				LD_RUNPATH_SEARCH_PATHS = (
					"$(inherited)",
					"@executable_path/Frameworks",
				);
				PRODUCT_BUNDLE_IDENTIFIER = kz.porcuon.Movien;
				PRODUCT_NAME = "$(TARGET_NAME)";
				SWIFT_VERSION = 5.0;
				TARGETED_DEVICE_FAMILY = "1,2";
			};
			name = Release;
		};
		15BC9A2E238AD8AA00AE2247 /* Debug */ = {
			isa = XCBuildConfiguration;
			baseConfigurationReference = 51A436091B892195E3D9A7E0 /* Pods-MovienTests.debug.xcconfig */;
			buildSettings = {
				ALWAYS_EMBED_SWIFT_STANDARD_LIBRARIES = YES;
				BUNDLE_LOADER = "$(TEST_HOST)";
				CODE_SIGN_STYLE = Automatic;
				INFOPLIST_FILE = MovienTests/Info.plist;
				IPHONEOS_DEPLOYMENT_TARGET = 13.2;
				LD_RUNPATH_SEARCH_PATHS = (
					"$(inherited)",
					"@executable_path/Frameworks",
					"@loader_path/Frameworks",
				);
				PRODUCT_BUNDLE_IDENTIFIER = kz.porcuon.MovienTests;
				PRODUCT_NAME = "$(TARGET_NAME)";
				SWIFT_VERSION = 5.0;
				TARGETED_DEVICE_FAMILY = "1,2";
				TEST_HOST = "$(BUILT_PRODUCTS_DIR)/Movien.app/Movien";
			};
			name = Debug;
		};
		15BC9A2F238AD8AA00AE2247 /* Release */ = {
			isa = XCBuildConfiguration;
			baseConfigurationReference = F4D383CE4DEED9F0648AC176 /* Pods-MovienTests.release.xcconfig */;
			buildSettings = {
				ALWAYS_EMBED_SWIFT_STANDARD_LIBRARIES = YES;
				BUNDLE_LOADER = "$(TEST_HOST)";
				CODE_SIGN_STYLE = Automatic;
				INFOPLIST_FILE = MovienTests/Info.plist;
				IPHONEOS_DEPLOYMENT_TARGET = 13.2;
				LD_RUNPATH_SEARCH_PATHS = (
					"$(inherited)",
					"@executable_path/Frameworks",
					"@loader_path/Frameworks",
				);
				PRODUCT_BUNDLE_IDENTIFIER = kz.porcuon.MovienTests;
				PRODUCT_NAME = "$(TARGET_NAME)";
				SWIFT_VERSION = 5.0;
				TARGETED_DEVICE_FAMILY = "1,2";
				TEST_HOST = "$(BUILT_PRODUCTS_DIR)/Movien.app/Movien";
			};
			name = Release;
		};
		15BC9A31238AD8AA00AE2247 /* Debug */ = {
			isa = XCBuildConfiguration;
			baseConfigurationReference = 92347F2751F6DA5934ABA7E8 /* Pods-Movien-MovienUITests.debug.xcconfig */;
			buildSettings = {
				ALWAYS_EMBED_SWIFT_STANDARD_LIBRARIES = YES;
				CODE_SIGN_STYLE = Automatic;
				INFOPLIST_FILE = MovienUITests/Info.plist;
				LD_RUNPATH_SEARCH_PATHS = (
					"$(inherited)",
					"@executable_path/Frameworks",
					"@loader_path/Frameworks",
				);
				PRODUCT_BUNDLE_IDENTIFIER = kz.porcuon.MovienUITests;
				PRODUCT_NAME = "$(TARGET_NAME)";
				SWIFT_VERSION = 5.0;
				TARGETED_DEVICE_FAMILY = "1,2";
				TEST_TARGET_NAME = Movien;
			};
			name = Debug;
		};
		15BC9A32238AD8AA00AE2247 /* Release */ = {
			isa = XCBuildConfiguration;
			baseConfigurationReference = C70985E7CF83D632872AA58E /* Pods-Movien-MovienUITests.release.xcconfig */;
			buildSettings = {
				ALWAYS_EMBED_SWIFT_STANDARD_LIBRARIES = YES;
				CODE_SIGN_STYLE = Automatic;
				INFOPLIST_FILE = MovienUITests/Info.plist;
				LD_RUNPATH_SEARCH_PATHS = (
					"$(inherited)",
					"@executable_path/Frameworks",
					"@loader_path/Frameworks",
				);
				PRODUCT_BUNDLE_IDENTIFIER = kz.porcuon.MovienUITests;
				PRODUCT_NAME = "$(TARGET_NAME)";
				SWIFT_VERSION = 5.0;
				TARGETED_DEVICE_FAMILY = "1,2";
				TEST_TARGET_NAME = Movien;
			};
			name = Release;
		};
/* End XCBuildConfiguration section */

/* Begin XCConfigurationList section */
		15BC99FB238AD8A900AE2247 /* Build configuration list for PBXProject "Movien" */ = {
			isa = XCConfigurationList;
			buildConfigurations = (
				15BC9A28238AD8AA00AE2247 /* Debug */,
				15BC9A29238AD8AA00AE2247 /* Release */,
			);
			defaultConfigurationIsVisible = 0;
			defaultConfigurationName = Release;
		};
		15BC9A2A238AD8AA00AE2247 /* Build configuration list for PBXNativeTarget "Movien" */ = {
			isa = XCConfigurationList;
			buildConfigurations = (
				15BC9A2B238AD8AA00AE2247 /* Debug */,
				15BC9A2C238AD8AA00AE2247 /* Release */,
			);
			defaultConfigurationIsVisible = 0;
			defaultConfigurationName = Release;
		};
		15BC9A2D238AD8AA00AE2247 /* Build configuration list for PBXNativeTarget "MovienTests" */ = {
			isa = XCConfigurationList;
			buildConfigurations = (
				15BC9A2E238AD8AA00AE2247 /* Debug */,
				15BC9A2F238AD8AA00AE2247 /* Release */,
			);
			defaultConfigurationIsVisible = 0;
			defaultConfigurationName = Release;
		};
		15BC9A30238AD8AA00AE2247 /* Build configuration list for PBXNativeTarget "MovienUITests" */ = {
			isa = XCConfigurationList;
			buildConfigurations = (
				15BC9A31238AD8AA00AE2247 /* Debug */,
				15BC9A32238AD8AA00AE2247 /* Release */,
			);
			defaultConfigurationIsVisible = 0;
			defaultConfigurationName = Release;
		};
/* End XCConfigurationList section */
	};
	rootObject = 15BC99F8238AD8A900AE2247 /* Project object */;
}
